
Microsoft Visual Studio Solution File, Format Version 12.00
# Visual Studio Version 17
VisualStudioVersion = 17.0.31903.59
MinimumVisualStudioVersion = 10.0.40219.1
Project("{FAE04EC0-301F-11D3-BF4B-00C04F79EFBC}") = "EasyWoWMacro.Console", "EasyWoWMacro.Console\EasyWoWMacro.Console.csproj", "{526E016C-8FE4-4FF6-86CD-45839053B9B8}"
EndProject
Project("{FAE04EC0-301F-11D3-BF4B-00C04F79EFBC}") = "EasyWoWMacro.Core", "EasyWoWMacro.Core\EasyWoWMacro.Core.csproj", "{2FE18F73-1A9D-4712-B923-A090ED4A1D92}"
EndProject
Project("{FAE04EC0-301F-11D3-BF4B-00C04F79EFBC}") = "EasyWoWMacro.Tests", "EasyWoWMacro.Tests\EasyWoWMacro.Tests.csproj", "{DEAEA209-0DEB-4CE8-84B3-857FEA8E9ECD}"
EndProject
Project("{FAE04EC0-301F-11D3-BF4B-00C04F79EFBC}") = "EasyWoWMacro.Web", "EasyWoWMacro.Web\EasyWoWMacro.Web.csproj", "{18B03A6B-2672-4DC2-A11E-40F4516450FF}"
EndProject
Project("{FAE04EC0-301F-11D3-BF4B-00C04F79EFBC}") = "EasyWoWMacro.Web.Client", "EasyWoWMacro.Web.Client\EasyWoWMacro.Web.Client.csproj", "{8C8FC7E4-DD4F-4404-A058-C62229F1E9E1}"
EndProject
Project("{2150E333-8FDC-42A3-9474-1A3956D46DE8}") = "Web", "Web", "{2AFA9086-B967-4139-8BE5-CFA21BD2F5A5}"
EndProject
Project("{FAE04EC0-301F-11D3-BF4B-00C04F79EFBC}") = "EasyWoWMacro.MCP.Server", "EasyWoWMacro.MCP.Server\EasyWoWMacro.MCP.Server.csproj", "{E5C3B73D-D235-4358-B23E-5B7E3EFCF304}"
EndProject
Project("{FAE04EC0-301F-11D3-BF4B-00C04F79EFBC}") = "EasyWoWMacro.MCP.Server.Tests", "EasyWoWMacro.MCP.Server.Tests\EasyWoWMacro.MCP.Server.Tests.csproj", "{D3604FA2-4C62-48EC-893A-AA252C48DF2E}"
EndProject
Project("{FAE04EC0-301F-11D3-BF4B-00C04F79EFBC}") = "EasyWoWMacro.Web.Tests", "EasyWoWMacro.Web.Tests\EasyWoWMacro.Web.Tests.csproj", "{1D241596-6C84-45B5-A68F-7E0A379A1DA4}"
EndProject
Global
	GlobalSection(SolutionConfigurationPlatforms) = preSolution
		Debug|Any CPU = Debug|Any CPU
		Debug|x64 = Debug|x64
		Debug|x86 = Debug|x86
		Release|Any CPU = Release|Any CPU
		Release|x64 = Release|x64
		Release|x86 = Release|x86
	EndGlobalSection
	GlobalSection(ProjectConfigurationPlatforms) = postSolution
		{526E016C-8FE4-4FF6-86CD-45839053B9B8}.Debug|Any CPU.ActiveCfg = Debug|Any CPU
		{526E016C-8FE4-4FF6-86CD-45839053B9B8}.Debug|Any CPU.Build.0 = Debug|Any CPU
		{526E016C-8FE4-4FF6-86CD-45839053B9B8}.Debug|x64.ActiveCfg = Debug|Any CPU
		{526E016C-8FE4-4FF6-86CD-45839053B9B8}.Debug|x64.Build.0 = Debug|Any CPU
		{526E016C-8FE4-4FF6-86CD-45839053B9B8}.Debug|x86.ActiveCfg = Debug|Any CPU
		{526E016C-8FE4-4FF6-86CD-45839053B9B8}.Debug|x86.Build.0 = Debug|Any CPU
		{526E016C-8FE4-4FF6-86CD-45839053B9B8}.Release|Any CPU.ActiveCfg = Release|Any CPU
		{526E016C-8FE4-4FF6-86CD-45839053B9B8}.Release|Any CPU.Build.0 = Release|Any CPU
		{526E016C-8FE4-4FF6-86CD-45839053B9B8}.Release|x64.ActiveCfg = Release|Any CPU
		{526E016C-8FE4-4FF6-86CD-45839053B9B8}.Release|x64.Build.0 = Release|Any CPU
		{526E016C-8FE4-4FF6-86CD-45839053B9B8}.Release|x86.ActiveCfg = Release|Any CPU
		{526E016C-8FE4-4FF6-86CD-45839053B9B8}.Release|x86.Build.0 = Release|Any CPU
		{2FE18F73-1A9D-4712-B923-A090ED4A1D92}.Debug|Any CPU.ActiveCfg = Debug|Any CPU
		{2FE18F73-1A9D-4712-B923-A090ED4A1D92}.Debug|Any CPU.Build.0 = Debug|Any CPU
		{2FE18F73-1A9D-4712-B923-A090ED4A1D92}.Debug|x64.ActiveCfg = Debug|Any CPU
		{2FE18F73-1A9D-4712-B923-A090ED4A1D92}.Debug|x64.Build.0 = Debug|Any CPU
		{2FE18F73-1A9D-4712-B923-A090ED4A1D92}.Debug|x86.ActiveCfg = Debug|Any CPU
		{2FE18F73-1A9D-4712-B923-A090ED4A1D92}.Debug|x86.Build.0 = Debug|Any CPU
		{2FE18F73-1A9D-4712-B923-A090ED4A1D92}.Release|Any CPU.ActiveCfg = Release|Any CPU
		{2FE18F73-1A9D-4712-B923-A090ED4A1D92}.Release|Any CPU.Build.0 = Release|Any CPU
		{2FE18F73-1A9D-4712-B923-A090ED4A1D92}.Release|x64.ActiveCfg = Release|Any CPU
		{2FE18F73-1A9D-4712-B923-A090ED4A1D92}.Release|x64.Build.0 = Release|Any CPU
		{2FE18F73-1A9D-4712-B923-A090ED4A1D92}.Release|x86.ActiveCfg = Release|Any CPU
		{2FE18F73-1A9D-4712-B923-A090ED4A1D92}.Release|x86.Build.0 = Release|Any CPU
		{DEAEA209-0DEB-4CE8-84B3-857FEA8E9ECD}.Debug|Any CPU.ActiveCfg = Debug|Any CPU
		{DEAEA209-0DEB-4CE8-84B3-857FEA8E9ECD}.Debug|Any CPU.Build.0 = Debug|Any CPU
		{DEAEA209-0DEB-4CE8-84B3-857FEA8E9ECD}.Debug|x64.ActiveCfg = Debug|Any CPU
		{DEAEA209-0DEB-4CE8-84B3-857FEA8E9ECD}.Debug|x64.Build.0 = Debug|Any CPU
		{DEAEA209-0DEB-4CE8-84B3-857FEA8E9ECD}.Debug|x86.ActiveCfg = Debug|Any CPU
		{DEAEA209-0DEB-4CE8-84B3-857FEA8E9ECD}.Debug|x86.Build.0 = Debug|Any CPU
		{DEAEA209-0DEB-4CE8-84B3-857FEA8E9ECD}.Release|Any CPU.ActiveCfg = Release|Any CPU
		{DEAEA209-0DEB-4CE8-84B3-857FEA8E9ECD}.Release|Any CPU.Build.0 = Release|Any CPU
		{DEAEA209-0DEB-4CE8-84B3-857FEA8E9ECD}.Release|x64.ActiveCfg = Release|Any CPU
		{DEAEA209-0DEB-4CE8-84B3-857FEA8E9ECD}.Release|x64.Build.0 = Release|Any CPU
		{DEAEA209-0DEB-4CE8-84B3-857FEA8E9ECD}.Release|x86.ActiveCfg = Release|Any CPU
		{DEAEA209-0DEB-4CE8-84B3-857FEA8E9ECD}.Release|x86.Build.0 = Release|Any CPU
		{18B03A6B-2672-4DC2-A11E-40F4516450FF}.Debug|Any CPU.ActiveCfg = Debug|Any CPU
		{18B03A6B-2672-4DC2-A11E-40F4516450FF}.Debug|Any CPU.Build.0 = Debug|Any CPU
		{18B03A6B-2672-4DC2-A11E-40F4516450FF}.Debug|x64.ActiveCfg = Debug|Any CPU
		{18B03A6B-2672-4DC2-A11E-40F4516450FF}.Debug|x64.Build.0 = Debug|Any CPU
		{18B03A6B-2672-4DC2-A11E-40F4516450FF}.Debug|x86.ActiveCfg = Debug|Any CPU
		{18B03A6B-2672-4DC2-A11E-40F4516450FF}.Debug|x86.Build.0 = Debug|Any CPU
		{18B03A6B-2672-4DC2-A11E-40F4516450FF}.Release|Any CPU.ActiveCfg = Release|Any CPU
		{18B03A6B-2672-4DC2-A11E-40F4516450FF}.Release|Any CPU.Build.0 = Release|Any CPU
		{18B03A6B-2672-4DC2-A11E-40F4516450FF}.Release|x64.ActiveCfg = Release|Any CPU
		{18B03A6B-2672-4DC2-A11E-40F4516450FF}.Release|x64.Build.0 = Release|Any CPU
		{18B03A6B-2672-4DC2-A11E-40F4516450FF}.Release|x86.ActiveCfg = Release|Any CPU
		{18B03A6B-2672-4DC2-A11E-40F4516450FF}.Release|x86.Build.0 = Release|Any CPU
		{8C8FC7E4-DD4F-4404-A058-C62229F1E9E1}.Debug|Any CPU.ActiveCfg = Debug|Any CPU
		{8C8FC7E4-DD4F-4404-A058-C62229F1E9E1}.Debug|Any CPU.Build.0 = Debug|Any CPU
		{8C8FC7E4-DD4F-4404-A058-C62229F1E9E1}.Debug|x64.ActiveCfg = Debug|Any CPU
		{8C8FC7E4-DD4F-4404-A058-C62229F1E9E1}.Debug|x64.Build.0 = Debug|Any CPU
		{8C8FC7E4-DD4F-4404-A058-C62229F1E9E1}.Debug|x86.ActiveCfg = Debug|Any CPU
		{8C8FC7E4-DD4F-4404-A058-C62229F1E9E1}.Debug|x86.Build.0 = Debug|Any CPU
		{8C8FC7E4-DD4F-4404-A058-C62229F1E9E1}.Release|Any CPU.ActiveCfg = Release|Any CPU
		{8C8FC7E4-DD4F-4404-A058-C62229F1E9E1}.Release|Any CPU.Build.0 = Release|Any CPU
		{8C8FC7E4-DD4F-4404-A058-C62229F1E9E1}.Release|x64.ActiveCfg = Release|Any CPU
		{8C8FC7E4-DD4F-4404-A058-C62229F1E9E1}.Release|x64.Build.0 = Release|Any CPU
		{8C8FC7E4-DD4F-4404-A058-C62229F1E9E1}.Release|x86.ActiveCfg = Release|Any CPU
		{8C8FC7E4-DD4F-4404-A058-C62229F1E9E1}.Release|x86.Build.0 = Release|Any CPU
		{E5C3B73D-D235-4358-B23E-5B7E3EFCF304}.Debug|Any CPU.ActiveCfg = Debug|Any CPU
		{E5C3B73D-D235-4358-B23E-5B7E3EFCF304}.Debug|Any CPU.Build.0 = Debug|Any CPU
		{E5C3B73D-D235-4358-B23E-5B7E3EFCF304}.Debug|x64.ActiveCfg = Debug|Any CPU
		{E5C3B73D-D235-4358-B23E-5B7E3EFCF304}.Debug|x64.Build.0 = Debug|Any CPU
		{E5C3B73D-D235-4358-B23E-5B7E3EFCF304}.Debug|x86.ActiveCfg = Debug|Any CPU
		{E5C3B73D-D235-4358-B23E-5B7E3EFCF304}.Debug|x86.Build.0 = Debug|Any CPU
		{E5C3B73D-D235-4358-B23E-5B7E3EFCF304}.Release|Any CPU.ActiveCfg = Release|Any CPU
		{E5C3B73D-D235-4358-B23E-5B7E3EFCF304}.Release|Any CPU.Build.0 = Release|Any CPU
		{E5C3B73D-D235-4358-B23E-5B7E3EFCF304}.Release|x64.ActiveCfg = Release|Any CPU
		{E5C3B73D-D235-4358-B23E-5B7E3EFCF304}.Release|x64.Build.0 = Release|Any CPU
		{E5C3B73D-D235-4358-B23E-5B7E3EFCF304}.Release|x86.ActiveCfg = Release|Any CPU
		{E5C3B73D-D235-4358-B23E-5B7E3EFCF304}.Release|x86.Build.0 = Release|Any CPU
		{D3604FA2-4C62-48EC-893A-AA252C48DF2E}.Debug|Any CPU.ActiveCfg = Debug|Any CPU
		{D3604FA2-4C62-48EC-893A-AA252C48DF2E}.Debug|Any CPU.Build.0 = Debug|Any CPU
		{D3604FA2-4C62-48EC-893A-AA252C48DF2E}.Debug|x64.ActiveCfg = Debug|Any CPU
		{D3604FA2-4C62-48EC-893A-AA252C48DF2E}.Debug|x64.Build.0 = Debug|Any CPU
		{D3604FA2-4C62-48EC-893A-AA252C48DF2E}.Debug|x86.ActiveCfg = Debug|Any CPU
		{D3604FA2-4C62-48EC-893A-AA252C48DF2E}.Debug|x86.Build.0 = Debug|Any CPU
		{D3604FA2-4C62-48EC-893A-AA252C48DF2E}.Release|Any CPU.ActiveCfg = Release|Any CPU
		{D3604FA2-4C62-48EC-893A-AA252C48DF2E}.Release|Any CPU.Build.0 = Release|Any CPU
		{D3604FA2-4C62-48EC-893A-AA252C48DF2E}.Release|x64.ActiveCfg = Release|Any CPU
		{D3604FA2-4C62-48EC-893A-AA252C48DF2E}.Release|x64.Build.0 = Release|Any CPU
		{D3604FA2-4C62-48EC-893A-AA252C48DF2E}.Release|x86.ActiveCfg = Release|Any CPU
		{D3604FA2-4C62-48EC-893A-AA252C48DF2E}.Release|x86.Build.0 = Release|Any CPU
		{1D241596-6C84-45B5-A68F-7E0A379A1DA4}.Debug|Any CPU.ActiveCfg = Debug|Any CPU
		{1D241596-6C84-45B5-A68F-7E0A379A1DA4}.Debug|Any CPU.Build.0 = Debug|Any CPU
		{1D241596-6C84-45B5-A68F-7E0A379A1DA4}.Debug|x64.ActiveCfg = Debug|Any CPU
		{1D241596-6C84-45B5-A68F-7E0A379A1DA4}.Debug|x64.Build.0 = Debug|Any CPU
		{1D241596-6C84-45B5-A68F-7E0A379A1DA4}.Debug|x86.ActiveCfg = Debug|Any CPU
		{1D241596-6C84-45B5-A68F-7E0A379A1DA4}.Debug|x86.Build.0 = Debug|Any CPU
		{1D241596-6C84-45B5-A68F-7E0A379A1DA4}.Release|Any CPU.ActiveCfg = Release|Any CPU
		{1D241596-6C84-45B5-A68F-7E0A379A1DA4}.Release|Any CPU.Build.0 = Release|Any CPU
		{1D241596-6C84-45B5-A68F-7E0A379A1DA4}.Release|x64.ActiveCfg = Release|Any CPU
		{1D241596-6C84-45B5-A68F-7E0A379A1DA4}.Release|x64.Build.0 = Release|Any CPU
		{1D241596-6C84-45B5-A68F-7E0A379A1DA4}.Release|x86.ActiveCfg = Release|Any CPU
		{1D241596-6C84-45B5-A68F-7E0A379A1DA4}.Release|x86.Build.0 = Release|Any CPU
	EndGlobalSection
	GlobalSection(SolutionProperties) = preSolution
		HideSolutionNode = FALSE
	EndGlobalSection
	GlobalSection(NestedProjects) = preSolution
		{18B03A6B-2672-4DC2-A11E-40F4516450FF} = {2AFA9086-B967-4139-8BE5-CFA21BD2F5A5}
		{8C8FC7E4-DD4F-4404-A058-C62229F1E9E1} = {2AFA9086-B967-4139-8BE5-CFA21BD2F5A5}
	EndGlobalSection
EndGlobal
