
Microsoft Visual Studio Solution File, Format Version 12.00
Project("{FAE04EC0-301F-11D3-BF4B-00C04F79EFBC}") = "EasyWoWMacro", "EasyWoWMacro\EasyWoWMacro.csproj", "{31CD1909-E840-4E97-8E06-9D488A1EDF91}"
EndProject
Project("{FAE04EC0-301F-11D3-BF4B-00C04F79EFBC}") = "EasyWoWMacro.Client", "EasyWoWMacro.Client\EasyWoWMacro.Client.csproj", "{905DBD05-E593-46AC-9A78-81A3B26F317A}"
EndProject
Project("{FAE04EC0-301F-11D3-BF4B-00C04F79EFBC}") = "EasyWowMacro.Business", "EasyWowMacro.Business\EasyWowMacro.Business.csproj", "{907B48B8-7445-4E17-947C-313342C78651}"
EndProject
Project("{FAE04EC0-301F-11D3-BF4B-00C04F79EFBC}") = "EasyWoWMacro.ConsoleApp", "EasyWoWMacro.ConsoleApp\EasyWoWMacro.ConsoleApp.csproj", "{85A8912D-66A6-4DED-BE08-3734524311EA}"
EndProject
Global
	GlobalSection(SolutionConfigurationPlatforms) = preSolution
		Debug|Any CPU = Debug|Any CPU
		Release|Any CPU = Release|Any CPU
	EndGlobalSection
	GlobalSection(ProjectConfigurationPlatforms) = postSolution
		{31CD1909-E840-4E97-8E06-9D488A1EDF91}.Debug|Any CPU.ActiveCfg = Debug|Any CPU
		{31CD1909-E840-4E97-8E06-9D488A1EDF91}.Debug|Any CPU.Build.0 = Debug|Any CPU
		{31CD1909-E840-4E97-8E06-9D488A1EDF91}.Release|Any CPU.ActiveCfg = Release|Any CPU
		{31CD1909-E840-4E97-8E06-9D488A1EDF91}.Release|Any CPU.Build.0 = Release|Any CPU
		{905DBD05-E593-46AC-9A78-81A3B26F317A}.Debug|Any CPU.ActiveCfg = Debug|Any CPU
		{905DBD05-E593-46AC-9A78-81A3B26F317A}.Debug|Any CPU.Build.0 = Debug|Any CPU
		{905DBD05-E593-46AC-9A78-81A3B26F317A}.Release|Any CPU.ActiveCfg = Release|Any CPU
		{905DBD05-E593-46AC-9A78-81A3B26F317A}.Release|Any CPU.Build.0 = Release|Any CPU
		{907B48B8-7445-4E17-947C-313342C78651}.Debug|Any CPU.ActiveCfg = Debug|Any CPU
		{907B48B8-7445-4E17-947C-313342C78651}.Debug|Any CPU.Build.0 = Debug|Any CPU
		{907B48B8-7445-4E17-947C-313342C78651}.Release|Any CPU.ActiveCfg = Release|Any CPU
		{907B48B8-7445-4E17-947C-313342C78651}.Release|Any CPU.Build.0 = Release|Any CPU
		{85A8912D-66A6-4DED-BE08-3734524311EA}.Debug|Any CPU.ActiveCfg = Debug|Any CPU
		{85A8912D-66A6-4DED-BE08-3734524311EA}.Debug|Any CPU.Build.0 = Debug|Any CPU
		{85A8912D-66A6-4DED-BE08-3734524311EA}.Release|Any CPU.ActiveCfg = Release|Any CPU
		{85A8912D-66A6-4DED-BE08-3734524311EA}.Release|Any CPU.Build.0 = Release|Any CPU
	EndGlobalSection
EndGlobal
